
Microsoft Visual Studio Solution File, Format Version 12.00
# Visual Studio Version 17
VisualStudioVersion = 17.14.36414.22
MinimumVisualStudioVersion = 10.0.40219.1
Project("{FAE04EC0-301F-11D3-BF4B-00C04F79EFBC}") = "QuivalServer", "QuivalServer\QuivalServer.csproj", "{2327CC81-3CE6-48B8-A231-EE51B6C4A29B}"
EndProject
Project("{FAE04EC0-301F-11D3-BF4B-00C04F79EFBC}") = "QuivalCombatTestWPF", "QuivalCombatTestWPF\QuivalCombatTestWPF.csproj", "{BADBE47C-D139-4347-BFBD-6F02628294AB}"
EndProject
Project("{FAE04EC0-301F-11D3-BF4B-00C04F79EFBC}") = "QuivalLogicEngine", "QuivalLogicEngine\QuivalLogicEngine.csproj", "{4A07C1F0-4657-4197-8177-1A10025BEB44}"
EndProject
Project("{FAE04EC0-301F-11D3-BF4B-00C04F79EFBC}") = "LogicEngineConsole", "LogicEngineConsole\LogicEngineConsole.csproj", "{ABBE99DC-D67F-40A5-A10B-21F033BBD4A7}"
EndProject
Global
	GlobalSection(SolutionConfigurationPlatforms) = preSolution
		Debug|Any CPU = Debug|Any CPU
		Release|Any CPU = Release|Any CPU
	EndGlobalSection
	GlobalSection(ProjectConfigurationPlatforms) = postSolution
		{2327CC81-3CE6-48B8-A231-EE51B6C4A29B}.Debug|Any CPU.ActiveCfg = Debug|Any CPU
		{2327CC81-3CE6-48B8-A231-EE51B6C4A29B}.Debug|Any CPU.Build.0 = Debug|Any CPU
		{2327CC81-3CE6-48B8-A231-EE51B6C4A29B}.Release|Any CPU.ActiveCfg = Release|Any CPU
		{2327CC81-3CE6-48B8-A231-EE51B6C4A29B}.Release|Any CPU.Build.0 = Release|Any CPU
		{BADBE47C-D139-4347-BFBD-6F02628294AB}.Debug|Any CPU.ActiveCfg = Debug|Any CPU
		{BADBE47C-D139-4347-BFBD-6F02628294AB}.Debug|Any CPU.Build.0 = Debug|Any CPU
		{BADBE47C-D139-4347-BFBD-6F02628294AB}.Release|Any CPU.ActiveCfg = Release|Any CPU
		{BADBE47C-D139-4347-BFBD-6F02628294AB}.Release|Any CPU.Build.0 = Release|Any CPU
		{4A07C1F0-4657-4197-8177-1A10025BEB44}.Debug|Any CPU.ActiveCfg = Debug|Any CPU
		{4A07C1F0-4657-4197-8177-1A10025BEB44}.Debug|Any CPU.Build.0 = Debug|Any CPU
		{4A07C1F0-4657-4197-8177-1A10025BEB44}.Release|Any CPU.ActiveCfg = Release|Any CPU
		{4A07C1F0-4657-4197-8177-1A10025BEB44}.Release|Any CPU.Build.0 = Release|Any CPU
		{ABBE99DC-D67F-40A5-A10B-21F033BBD4A7}.Debug|Any CPU.ActiveCfg = Debug|Any CPU
		{ABBE99DC-D67F-40A5-A10B-21F033BBD4A7}.Debug|Any CPU.Build.0 = Debug|Any CPU
		{ABBE99DC-D67F-40A5-A10B-21F033BBD4A7}.Release|Any CPU.ActiveCfg = Release|Any CPU
		{ABBE99DC-D67F-40A5-A10B-21F033BBD4A7}.Release|Any CPU.Build.0 = Release|Any CPU
	EndGlobalSection
	GlobalSection(SolutionProperties) = preSolution
		HideSolutionNode = FALSE
	EndGlobalSection
	GlobalSection(ExtensibilityGlobals) = postSolution
		SolutionGuid = {05C8621E-BC08-4CA2-AA0B-B11104D8EE76}
	EndGlobalSection
EndGlobal
